
Microsoft Visual Studio Solution File, Format Version 12.00
# Visual Studio 15
Project("{FAE04EC0-301F-11D3-BF4B-00C04F79EFBC}") = "Assembly-CSharp", "Assembly-CSharp.csproj", "{DC48B8D4-75CA-092A-828A-988A46C32B58}"
EndProject
Global
	GlobalSection(SolutionConfigurationPlatforms) = preSolution
		Debug|Any CPU = Debug|Any CPU
		Release|Any CPU = Release|Any CPU
	EndGlobalSection
	GlobalSection(ProjectConfigurationPlatforms) = postSolution
		{DC48B8D4-75CA-092A-828A-988A46C32B58}.Debug|Any CPU.ActiveCfg = Debug|Any CPU
		{DC48B8D4-75CA-092A-828A-988A46C32B58}.Debug|Any CPU.Build.0 = Debug|Any CPU
		{DC48B8D4-75CA-092A-828A-988A46C32B58}.Release|Any CPU.ActiveCfg = Release|Any CPU
		{DC48B8D4-75CA-092A-828A-988A46C32B58}.Release|Any CPU.Build.0 = Release|Any CPU
	EndGlobalSection
	GlobalSection(SolutionProperties) = preSolution
		HideSolutionNode = FALSE
	EndGlobalSection
EndGlobal
